
Microsoft Visual Studio Solution File, Format Version 12.00
# Visual Studio 14
VisualStudioVersion = 14.0.25420.1
MinimumVisualStudioVersion = 10.0.40219.1
Project("{FAE04EC0-301F-11D3-BF4B-00C04F79EFBC}") = "RequestModelExtractor", "RequestModelExtractor\RequestModelExtractor.csproj", "{BD0E8626-3183-41AC-8F71-59B6564EFE8A}"
EndProject
Global
	GlobalSection(SolutionConfigurationPlatforms) = preSolution
		Debug|Any CPU = Debug|Any CPU
		Release|Any CPU = Release|Any CPU
	EndGlobalSection
	GlobalSection(ProjectConfigurationPlatforms) = postSolution
		{BD0E8626-3183-41AC-8F71-59B6564EFE8A}.Debug|Any CPU.ActiveCfg = Debug|Any CPU
		{BD0E8626-3183-41AC-8F71-59B6564EFE8A}.Debug|Any CPU.Build.0 = Debug|Any CPU
		{BD0E8626-3183-41AC-8F71-59B6564EFE8A}.Release|Any CPU.ActiveCfg = Release|Any CPU
		{BD0E8626-3183-41AC-8F71-59B6564EFE8A}.Release|Any CPU.Build.0 = Release|Any CPU
	EndGlobalSection
	GlobalSection(SolutionProperties) = preSolution
		HideSolutionNode = FALSE
	EndGlobalSection
	GlobalSection(ExtensibilityGlobals) = postSolution
		SolutionGuid = {A49CAB1B-8FE2-439B-97DE-E6CB9588551F}
	EndGlobalSection
EndGlobal
